
Microsoft Visual Studio Solution File, Format Version 12.00
# Visual Studio 14
VisualStudioVersion = 14.0.25420.1
MinimumVisualStudioVersion = 10.0.40219.1
Project("{FAE04EC0-301F-11D3-BF4B-00C04F79EFBC}") = "SQLite", "DbProviders\SQLite\SQLite.csproj", "{DF4F9C6E-1F0E-4ECE-A77A-B114E66B55B3}"
EndProject
Project("{FAE04EC0-301F-11D3-BF4B-00C04F79EFBC}") = "LuaConnector", "LuaConnector\LuaConnector.csproj", "{92F6D2A7-1710-4F6B-B5F4-327594BC62BF}"
EndProject
Project("{2150E333-8FDC-42A3-9474-1A3956D46DE8}") = "DbProviders", "DbProviders", "{87035C22-F50B-4472-85F3-F350D56C98C3}"
EndProject
Global
	GlobalSection(SolutionConfigurationPlatforms) = preSolution
		Debug|Any CPU = Debug|Any CPU
		Release|Any CPU = Release|Any CPU
	EndGlobalSection
	GlobalSection(ProjectConfigurationPlatforms) = postSolution
		{DF4F9C6E-1F0E-4ECE-A77A-B114E66B55B3}.Debug|Any CPU.ActiveCfg = Debug|Any CPU
		{DF4F9C6E-1F0E-4ECE-A77A-B114E66B55B3}.Debug|Any CPU.Build.0 = Debug|Any CPU
		{DF4F9C6E-1F0E-4ECE-A77A-B114E66B55B3}.Release|Any CPU.ActiveCfg = Release|Any CPU
		{DF4F9C6E-1F0E-4ECE-A77A-B114E66B55B3}.Release|Any CPU.Build.0 = Release|Any CPU
		{92F6D2A7-1710-4F6B-B5F4-327594BC62BF}.Debug|Any CPU.ActiveCfg = Debug|Any CPU
		{92F6D2A7-1710-4F6B-B5F4-327594BC62BF}.Debug|Any CPU.Build.0 = Debug|Any CPU
		{92F6D2A7-1710-4F6B-B5F4-327594BC62BF}.Release|Any CPU.ActiveCfg = Release|Any CPU
		{92F6D2A7-1710-4F6B-B5F4-327594BC62BF}.Release|Any CPU.Build.0 = Release|Any CPU
	EndGlobalSection
	GlobalSection(SolutionProperties) = preSolution
		HideSolutionNode = FALSE
	EndGlobalSection
	GlobalSection(NestedProjects) = preSolution
		{DF4F9C6E-1F0E-4ECE-A77A-B114E66B55B3} = {87035C22-F50B-4472-85F3-F350D56C98C3}
	EndGlobalSection
EndGlobal
